// !$*UTF8*$!
{
	archiveVersion = 1;
	classes = {
	};
	objectVersion = 46;
	objects = {

/* Begin PBXBuildFile section */
		4600E6701C5721110007696F /* AddActionContentTableViewCell.swift in Sources */ = {isa = PBXBuildFile; fileRef = 4600E66F1C5721110007696F /* AddActionContentTableViewCell.swift */; };
		4600E6721C5721D50007696F /* AddActionPriorityTableViewCell.swift in Sources */ = {isa = PBXBuildFile; fileRef = 4600E6711C5721D50007696F /* AddActionPriorityTableViewCell.swift */; };
		4600E6761C59D77A0007696F /* TodoUnfoldTableViewCell.swift in Sources */ = {isa = PBXBuildFile; fileRef = 4600E6751C59D77A0007696F /* TodoUnfoldTableViewCell.swift */; };
		4600E6781C59E5380007696F /* RenderCommentView.swift in Sources */ = {isa = PBXBuildFile; fileRef = 4600E6771C59E5380007696F /* RenderCommentView.swift */; };
		4600E67A1C5AA48A0007696F /* Migrations.swift in Sources */ = {isa = PBXBuildFile; fileRef = 4600E6791C5AA48A0007696F /* Migrations.swift */; };
		4600E67C1C5AD5940007696F /* CommentModel.swift in Sources */ = {isa = PBXBuildFile; fileRef = 4600E67B1C5AD5940007696F /* CommentModel.swift */; };
		4600E67F1C5ADBC50007696F /* TodoListAPIHelper.swift in Sources */ = {isa = PBXBuildFile; fileRef = 4600E67E1C5ADBC50007696F /* TodoListAPIHelper.swift */; };
		465B55ED1C61270500C75FC9 /* ProjectAPIHelper.swift in Sources */ = {isa = PBXBuildFile; fileRef = 465B55EC1C61270500C75FC9 /* ProjectAPIHelper.swift */; };
		465B55EF1C63C39200C75FC9 /* UpdateAPIHelper.swift in Sources */ = {isa = PBXBuildFile; fileRef = 465B55EE1C63C39200C75FC9 /* UpdateAPIHelper.swift */; };
		465DB0D91C5B029F00DAD91F /* ChatBubbleTableViewCell.swift in Sources */ = {isa = PBXBuildFile; fileRef = 465DB0D81C5B029F00DAD91F /* ChatBubbleTableViewCell.swift */; };
		465DB0DB1C5B220900DAD91F /* CommentsViewController.swift in Sources */ = {isa = PBXBuildFile; fileRef = 465DB0DA1C5B220900DAD91F /* CommentsViewController.swift */; };
		465DB0DD1C5B41C200DAD91F /* ChatBubbleTableViewCell2.swift in Sources */ = {isa = PBXBuildFile; fileRef = 465DB0DC1C5B41C200DAD91F /* ChatBubbleTableViewCell2.swift */; };
		465DB0DF1C5DADBB00DAD91F /* CommentAPIHelper.swift in Sources */ = {isa = PBXBuildFile; fileRef = 465DB0DE1C5DADBB00DAD91F /* CommentAPIHelper.swift */; };
		465DB0E11C5DE42800DAD91F /* LeftViewController.swift in Sources */ = {isa = PBXBuildFile; fileRef = 465DB0E01C5DE42800DAD91F /* LeftViewController.swift */; };
		465DB0E31C5F243E00DAD91F /* WatchNavigationController.swift in Sources */ = {isa = PBXBuildFile; fileRef = 465DB0E21C5F243E00DAD91F /* WatchNavigationController.swift */; };
		46902CA31C509B1D00F07EF9 /* WatchTableViewCell.swift in Sources */ = {isa = PBXBuildFile; fileRef = 46902CA21C509B1D00F07EF9 /* WatchTableViewCell.swift */; };
		46902CA51C50BAD500F07EF9 /* WatchNoCommentTableViewCell.swift in Sources */ = {isa = PBXBuildFile; fileRef = 46902CA41C50BAD500F07EF9 /* WatchNoCommentTableViewCell.swift */; };
		46B17DD11C651CFC0006EEB3 /* FriendAPIHelper.swift in Sources */ = {isa = PBXBuildFile; fileRef = 46B17DD01C651CFC0006EEB3 /* FriendAPIHelper.swift */; };
		46B17DD31C657DD70006EEB3 /* DateTimeHelper.swift in Sources */ = {isa = PBXBuildFile; fileRef = 46B17DD21C657DD70006EEB3 /* DateTimeHelper.swift */; };
		46B17DD51C65B53A0006EEB3 /* SyncHelper.swift in Sources */ = {isa = PBXBuildFile; fileRef = 46B17DD41C65B53A0006EEB3 /* SyncHelper.swift */; };
		46B17DD71C6725F50006EEB3 /* WatchAPIHelper.swift in Sources */ = {isa = PBXBuildFile; fileRef = 46B17DD61C6725F50006EEB3 /* WatchAPIHelper.swift */; };
		46B17DE01C758CE60006EEB3 /* Message.storyboard in Resources */ = {isa = PBXBuildFile; fileRef = 46B17DDF1C758CE60006EEB3 /* Message.storyboard */; };
		46B17DE31C758D120006EEB3 /* MessageViewController.swift in Sources */ = {isa = PBXBuildFile; fileRef = 46B17DE21C758D120006EEB3 /* MessageViewController.swift */; };
		46B17DE51C76726C0006EEB3 /* SortMessagesHelper.swift in Sources */ = {isa = PBXBuildFile; fileRef = 46B17DE41C76726C0006EEB3 /* SortMessagesHelper.swift */; };
		46B3DFF41C534A83002A6769 /* FriendsViewController.swift in Sources */ = {isa = PBXBuildFile; fileRef = 46B3DFF31C534A83002A6769 /* FriendsViewController.swift */; };
		46B3DFF61C547F3C002A6769 /* Constant.swift in Sources */ = {isa = PBXBuildFile; fileRef = 46B3DFF51C547F3C002A6769 /* Constant.swift */; };
		46B3DFF81C547FB4002A6769 /* CallAPIHelper.swift in Sources */ = {isa = PBXBuildFile; fileRef = 46B3DFF71C547FB4002A6769 /* CallAPIHelper.swift */; };
		46B3DFFB1C548415002A6769 /* LoginViewController.swift in Sources */ = {isa = PBXBuildFile; fileRef = 46B3DFFA1C548415002A6769 /* LoginViewController.swift */; };
		46B3DFFF1C5486A5002A6769 /* UserDefaultsHelper.swift in Sources */ = {isa = PBXBuildFile; fileRef = 46B3DFFE1C5486A5002A6769 /* UserDefaultsHelper.swift */; };
		46B3E0051C549652002A6769 /* SignupViewController.swift in Sources */ = {isa = PBXBuildFile; fileRef = 46B3E0041C549652002A6769 /* SignupViewController.swift */; };
		46B3E0071C54ABF8002A6769 /* AddFriendViewController.swift in Sources */ = {isa = PBXBuildFile; fileRef = 46B3E0061C54ABF8002A6769 /* AddFriendViewController.swift */; };
		46E98E9B1C559ABA00CE83EA /* FriendModel.swift in Sources */ = {isa = PBXBuildFile; fileRef = 46E98E9A1C559ABA00CE83EA /* FriendModel.swift */; };
		46E98E9D1C55DA3B00CE83EA /* WatchItemDetailViewController.swift in Sources */ = {isa = PBXBuildFile; fileRef = 46E98E9C1C55DA3B00CE83EA /* WatchItemDetailViewController.swift */; };
		46E98E9F1C55DAEE00CE83EA /* WatchFriendViewController.swift in Sources */ = {isa = PBXBuildFile; fileRef = 46E98E9E1C55DAEE00CE83EA /* WatchFriendViewController.swift */; };
		46E98EA11C55DF1700CE83EA /* WatchItemDetailContentTableViewCell.swift in Sources */ = {isa = PBXBuildFile; fileRef = 46E98EA01C55DF1700CE83EA /* WatchItemDetailContentTableViewCell.swift */; };
		46E98EA31C55E48100CE83EA /* WatchItemDetailCommentTableViewCell.swift in Sources */ = {isa = PBXBuildFile; fileRef = 46E98EA21C55E48100CE83EA /* WatchItemDetailCommentTableViewCell.swift */; };
		46EE9DC21C4ADDDA0062D644 /* AppDelegate.swift in Sources */ = {isa = PBXBuildFile; fileRef = 46EE9DC11C4ADDDA0062D644 /* AppDelegate.swift */; };
		46EE9DC71C4ADDDA0062D644 /* Main.storyboard in Resources */ = {isa = PBXBuildFile; fileRef = 46EE9DC51C4ADDDA0062D644 /* Main.storyboard */; };
		46EE9DC91C4ADDDA0062D644 /* Assets.xcassets in Resources */ = {isa = PBXBuildFile; fileRef = 46EE9DC81C4ADDDA0062D644 /* Assets.xcassets */; };
		46EE9DCC1C4ADDDA0062D644 /* LaunchScreen.storyboard in Resources */ = {isa = PBXBuildFile; fileRef = 46EE9DCA1C4ADDDA0062D644 /* LaunchScreen.storyboard */; };
		46EE9DD71C4ADDDA0062D644 /* WatchTODOTests.swift in Sources */ = {isa = PBXBuildFile; fileRef = 46EE9DD61C4ADDDA0062D644 /* WatchTODOTests.swift */; };
		46EE9DE21C4ADDDA0062D644 /* WatchTODOUITests.swift in Sources */ = {isa = PBXBuildFile; fileRef = 46EE9DE11C4ADDDA0062D644 /* WatchTODOUITests.swift */; };
		46EE9DF01C4AE9CC0062D644 /* Podfile in Resources */ = {isa = PBXBuildFile; fileRef = 46EE9DEF1C4AE9CC0062D644 /* Podfile */; };
		46EE9DF31C4B13800062D644 /* MyTodoList.storyboard in Resources */ = {isa = PBXBuildFile; fileRef = 46EE9DF21C4B13800062D644 /* MyTodoList.storyboard */; };
		46EE9DF71C4B13C40062D644 /* Watch.storyboard in Resources */ = {isa = PBXBuildFile; fileRef = 46EE9DF61C4B13C40062D644 /* Watch.storyboard */; };
		46EE9DFB1C4B14000062D644 /* Settings.storyboard in Resources */ = {isa = PBXBuildFile; fileRef = 46EE9DFA1C4B14000062D644 /* Settings.storyboard */; };
		46EE9DFD1C4B14350062D644 /* MyTodoListViewController.swift in Sources */ = {isa = PBXBuildFile; fileRef = 46EE9DFC1C4B14350062D644 /* MyTodoListViewController.swift */; };
		46EE9E001C4B14670062D644 /* WatchViewController.swift in Sources */ = {isa = PBXBuildFile; fileRef = 46EE9DFF1C4B14670062D644 /* WatchViewController.swift */; };
		46EE9E031C4B14800062D644 /* SettingsViewController.swift in Sources */ = {isa = PBXBuildFile; fileRef = 46EE9E021C4B14800062D644 /* SettingsViewController.swift */; };
		46EE9E051C4B15090062D644 /* MainTabBarController.swift in Sources */ = {isa = PBXBuildFile; fileRef = 46EE9E041C4B15090062D644 /* MainTabBarController.swift */; };
		46EE9E091C4B26870062D644 /* MyTodoListNavigationController.swift in Sources */ = {isa = PBXBuildFile; fileRef = 46EE9E081C4B26870062D644 /* MyTodoListNavigationController.swift */; };
		46EE9E0D1C4B3BF70062D644 /* AddActionViewController.swift in Sources */ = {isa = PBXBuildFile; fileRef = 46EE9E0C1C4B3BF70062D644 /* AddActionViewController.swift */; };
		46EE9E0F1C4B485C0062D644 /* EditActionContentViewController.swift in Sources */ = {isa = PBXBuildFile; fileRef = 46EE9E0E1C4B485C0062D644 /* EditActionContentViewController.swift */; };
		46EE9E121C4B535C0062D644 /* AddActionCellHelper.swift in Sources */ = {isa = PBXBuildFile; fileRef = 46EE9E111C4B535C0062D644 /* AddActionCellHelper.swift */; };
		46EE9E171C4B58970062D644 /* AddActionContentTableViewCell1.swift in Sources */ = {isa = PBXBuildFile; fileRef = 46EE9E161C4B58970062D644 /* AddActionContentTableViewCell1.swift */; };
		46EE9E191C4C2A8C0062D644 /* TodoActionItemTableViewCell.swift in Sources */ = {isa = PBXBuildFile; fileRef = 46EE9E181C4C2A8C0062D644 /* TodoActionItemTableViewCell.swift */; };
		46EE9E1C1C4C4F460062D644 /* ActionItemModel.swift in Sources */ = {isa = PBXBuildFile; fileRef = 46EE9E1B1C4C4F460062D644 /* ActionItemModel.swift */; };
		46EE9E1E1C4C67BA0062D644 /* ProjectModel.swift in Sources */ = {isa = PBXBuildFile; fileRef = 46EE9E1D1C4C67BA0062D644 /* ProjectModel.swift */; };
		46EE9E201C4C67D70062D644 /* WatcherModel.swift in Sources */ = {isa = PBXBuildFile; fileRef = 46EE9E1F1C4C67D70062D644 /* WatcherModel.swift */; };
		46EE9E221C4C7DA20062D644 /* SelectProjectViewController.swift in Sources */ = {isa = PBXBuildFile; fileRef = 46EE9E211C4C7DA20062D644 /* SelectProjectViewController.swift */; };
		46EE9E241C4C82190062D644 /* AddProjectViewController.swift in Sources */ = {isa = PBXBuildFile; fileRef = 46EE9E231C4C82190062D644 /* AddProjectViewController.swift */; };
		46EE9E271C4DA4260062D644 /* SortActionItemListHelper.swift in Sources */ = {isa = PBXBuildFile; fileRef = 46EE9E261C4DA4250062D644 /* SortActionItemListHelper.swift */; };
		5886145302C3E6108664AB3E /* Pods.framework in Frameworks */ = {isa = PBXBuildFile; fileRef = 1CF17AAB31057DFF1F525CCD /* Pods.framework */; };
/* End PBXBuildFile section */

/* Begin PBXContainerItemProxy section */
		46EE9DD31C4ADDDA0062D644 /* PBXContainerItemProxy */ = {
			isa = PBXContainerItemProxy;
			containerPortal = 46EE9DB61C4ADDDA0062D644 /* Project object */;
			proxyType = 1;
			remoteGlobalIDString = 46EE9DBD1C4ADDDA0062D644;
			remoteInfo = WatchTODO;
		};
		46EE9DDE1C4ADDDA0062D644 /* PBXContainerItemProxy */ = {
			isa = PBXContainerItemProxy;
			containerPortal = 46EE9DB61C4ADDDA0062D644 /* Project object */;
			proxyType = 1;
			remoteGlobalIDString = 46EE9DBD1C4ADDDA0062D644;
			remoteInfo = WatchTODO;
		};
/* End PBXContainerItemProxy section */

/* Begin PBXFileReference section */
		1CF17AAB31057DFF1F525CCD /* Pods.framework */ = {isa = PBXFileReference; explicitFileType = wrapper.framework; includeInIndex = 0; path = Pods.framework; sourceTree = BUILT_PRODUCTS_DIR; };
		4600E66F1C5721110007696F /* AddActionContentTableViewCell.swift */ = {isa = PBXFileReference; fileEncoding = 4; lastKnownFileType = sourcecode.swift; path = AddActionContentTableViewCell.swift; sourceTree = "<group>"; };
		4600E6711C5721D50007696F /* AddActionPriorityTableViewCell.swift */ = {isa = PBXFileReference; fileEncoding = 4; lastKnownFileType = sourcecode.swift; path = AddActionPriorityTableViewCell.swift; sourceTree = "<group>"; };
		4600E6751C59D77A0007696F /* TodoUnfoldTableViewCell.swift */ = {isa = PBXFileReference; fileEncoding = 4; lastKnownFileType = sourcecode.swift; path = TodoUnfoldTableViewCell.swift; sourceTree = "<group>"; };
		4600E6771C59E5380007696F /* RenderCommentView.swift */ = {isa = PBXFileReference; fileEncoding = 4; lastKnownFileType = sourcecode.swift; path = RenderCommentView.swift; sourceTree = "<group>"; };
		4600E6791C5AA48A0007696F /* Migrations.swift */ = {isa = PBXFileReference; fileEncoding = 4; lastKnownFileType = sourcecode.swift; path = Migrations.swift; sourceTree = "<group>"; };
		4600E67B1C5AD5940007696F /* CommentModel.swift */ = {isa = PBXFileReference; fileEncoding = 4; lastKnownFileType = sourcecode.swift; path = CommentModel.swift; sourceTree = "<group>"; };
		4600E67E1C5ADBC50007696F /* TodoListAPIHelper.swift */ = {isa = PBXFileReference; fileEncoding = 4; lastKnownFileType = sourcecode.swift; path = TodoListAPIHelper.swift; sourceTree = "<group>"; };
		465B55EC1C61270500C75FC9 /* ProjectAPIHelper.swift */ = {isa = PBXFileReference; fileEncoding = 4; lastKnownFileType = sourcecode.swift; path = ProjectAPIHelper.swift; sourceTree = "<group>"; };
		465B55EE1C63C39200C75FC9 /* UpdateAPIHelper.swift */ = {isa = PBXFileReference; fileEncoding = 4; lastKnownFileType = sourcecode.swift; path = UpdateAPIHelper.swift; sourceTree = "<group>"; };
		465DB0D81C5B029F00DAD91F /* ChatBubbleTableViewCell.swift */ = {isa = PBXFileReference; fileEncoding = 4; lastKnownFileType = sourcecode.swift; path = ChatBubbleTableViewCell.swift; sourceTree = "<group>"; };
		465DB0DA1C5B220900DAD91F /* CommentsViewController.swift */ = {isa = PBXFileReference; fileEncoding = 4; lastKnownFileType = sourcecode.swift; path = CommentsViewController.swift; sourceTree = "<group>"; };
		465DB0DC1C5B41C200DAD91F /* ChatBubbleTableViewCell2.swift */ = {isa = PBXFileReference; fileEncoding = 4; lastKnownFileType = sourcecode.swift; path = ChatBubbleTableViewCell2.swift; sourceTree = "<group>"; };
		465DB0DE1C5DADBB00DAD91F /* CommentAPIHelper.swift */ = {isa = PBXFileReference; fileEncoding = 4; lastKnownFileType = sourcecode.swift; path = CommentAPIHelper.swift; sourceTree = "<group>"; };
		465DB0E01C5DE42800DAD91F /* LeftViewController.swift */ = {isa = PBXFileReference; fileEncoding = 4; lastKnownFileType = sourcecode.swift; path = LeftViewController.swift; sourceTree = "<group>"; };
		465DB0E21C5F243E00DAD91F /* WatchNavigationController.swift */ = {isa = PBXFileReference; fileEncoding = 4; lastKnownFileType = sourcecode.swift; path = WatchNavigationController.swift; sourceTree = "<group>"; };
		46902CA21C509B1D00F07EF9 /* WatchTableViewCell.swift */ = {isa = PBXFileReference; fileEncoding = 4; lastKnownFileType = sourcecode.swift; path = WatchTableViewCell.swift; sourceTree = "<group>"; };
		46902CA41C50BAD500F07EF9 /* WatchNoCommentTableViewCell.swift */ = {isa = PBXFileReference; fileEncoding = 4; lastKnownFileType = sourcecode.swift; path = WatchNoCommentTableViewCell.swift; sourceTree = "<group>"; };
		46B17DD01C651CFC0006EEB3 /* FriendAPIHelper.swift */ = {isa = PBXFileReference; fileEncoding = 4; lastKnownFileType = sourcecode.swift; path = FriendAPIHelper.swift; sourceTree = "<group>"; };
		46B17DD21C657DD70006EEB3 /* DateTimeHelper.swift */ = {isa = PBXFileReference; fileEncoding = 4; lastKnownFileType = sourcecode.swift; path = DateTimeHelper.swift; sourceTree = "<group>"; };
		46B17DD41C65B53A0006EEB3 /* SyncHelper.swift */ = {isa = PBXFileReference; fileEncoding = 4; lastKnownFileType = sourcecode.swift; path = SyncHelper.swift; sourceTree = "<group>"; };
		46B17DD61C6725F50006EEB3 /* WatchAPIHelper.swift */ = {isa = PBXFileReference; fileEncoding = 4; lastKnownFileType = sourcecode.swift; path = WatchAPIHelper.swift; sourceTree = "<group>"; };
		46B17DDF1C758CE60006EEB3 /* Message.storyboard */ = {isa = PBXFileReference; fileEncoding = 4; lastKnownFileType = file.storyboard; path = Message.storyboard; sourceTree = "<group>"; };
		46B17DE21C758D120006EEB3 /* MessageViewController.swift */ = {isa = PBXFileReference; fileEncoding = 4; lastKnownFileType = sourcecode.swift; path = MessageViewController.swift; sourceTree = "<group>"; };
		46B17DE41C76726C0006EEB3 /* SortMessagesHelper.swift */ = {isa = PBXFileReference; fileEncoding = 4; lastKnownFileType = sourcecode.swift; path = SortMessagesHelper.swift; sourceTree = "<group>"; };
		46B3DFF31C534A83002A6769 /* FriendsViewController.swift */ = {isa = PBXFileReference; fileEncoding = 4; lastKnownFileType = sourcecode.swift; path = FriendsViewController.swift; sourceTree = "<group>"; };
		46B3DFF51C547F3C002A6769 /* Constant.swift */ = {isa = PBXFileReference; fileEncoding = 4; lastKnownFileType = sourcecode.swift; path = Constant.swift; sourceTree = "<group>"; };
		46B3DFF71C547FB4002A6769 /* CallAPIHelper.swift */ = {isa = PBXFileReference; fileEncoding = 4; lastKnownFileType = sourcecode.swift; path = CallAPIHelper.swift; sourceTree = "<group>"; };
		46B3DFFA1C548415002A6769 /* LoginViewController.swift */ = {isa = PBXFileReference; fileEncoding = 4; lastKnownFileType = sourcecode.swift; path = LoginViewController.swift; sourceTree = "<group>"; };
		46B3DFFE1C5486A5002A6769 /* UserDefaultsHelper.swift */ = {isa = PBXFileReference; fileEncoding = 4; lastKnownFileType = sourcecode.swift; path = UserDefaultsHelper.swift; sourceTree = "<group>"; };
		46B3E0041C549652002A6769 /* SignupViewController.swift */ = {isa = PBXFileReference; fileEncoding = 4; lastKnownFileType = sourcecode.swift; path = SignupViewController.swift; sourceTree = "<group>"; };
		46B3E0061C54ABF8002A6769 /* AddFriendViewController.swift */ = {isa = PBXFileReference; fileEncoding = 4; lastKnownFileType = sourcecode.swift; path = AddFriendViewController.swift; sourceTree = "<group>"; };
		46E98E9A1C559ABA00CE83EA /* FriendModel.swift */ = {isa = PBXFileReference; fileEncoding = 4; lastKnownFileType = sourcecode.swift; path = FriendModel.swift; sourceTree = "<group>"; };
		46E98E9C1C55DA3B00CE83EA /* WatchItemDetailViewController.swift */ = {isa = PBXFileReference; fileEncoding = 4; lastKnownFileType = sourcecode.swift; path = WatchItemDetailViewController.swift; sourceTree = "<group>"; };
		46E98E9E1C55DAEE00CE83EA /* WatchFriendViewController.swift */ = {isa = PBXFileReference; fileEncoding = 4; lastKnownFileType = sourcecode.swift; path = WatchFriendViewController.swift; sourceTree = "<group>"; };
		46E98EA01C55DF1700CE83EA /* WatchItemDetailContentTableViewCell.swift */ = {isa = PBXFileReference; fileEncoding = 4; lastKnownFileType = sourcecode.swift; path = WatchItemDetailContentTableViewCell.swift; sourceTree = "<group>"; };
		46E98EA21C55E48100CE83EA /* WatchItemDetailCommentTableViewCell.swift */ = {isa = PBXFileReference; fileEncoding = 4; lastKnownFileType = sourcecode.swift; path = WatchItemDetailCommentTableViewCell.swift; sourceTree = "<group>"; };
		46EE9DBE1C4ADDDA0062D644 /* WatchTODO.app */ = {isa = PBXFileReference; explicitFileType = wrapper.application; includeInIndex = 0; path = WatchTODO.app; sourceTree = BUILT_PRODUCTS_DIR; };
		46EE9DC11C4ADDDA0062D644 /* AppDelegate.swift */ = {isa = PBXFileReference; lastKnownFileType = sourcecode.swift; path = AppDelegate.swift; sourceTree = "<group>"; };
		46EE9DC61C4ADDDA0062D644 /* Base */ = {isa = PBXFileReference; lastKnownFileType = file.storyboard; name = Base; path = Base.lproj/Main.storyboard; sourceTree = "<group>"; };
		46EE9DC81C4ADDDA0062D644 /* Assets.xcassets */ = {isa = PBXFileReference; lastKnownFileType = folder.assetcatalog; path = Assets.xcassets; sourceTree = "<group>"; };
		46EE9DCB1C4ADDDA0062D644 /* Base */ = {isa = PBXFileReference; lastKnownFileType = file.storyboard; name = Base; path = Base.lproj/LaunchScreen.storyboard; sourceTree = "<group>"; };
		46EE9DCD1C4ADDDA0062D644 /* Info.plist */ = {isa = PBXFileReference; lastKnownFileType = text.plist.xml; path = Info.plist; sourceTree = "<group>"; };
		46EE9DD21C4ADDDA0062D644 /* WatchTODOTests.xctest */ = {isa = PBXFileReference; explicitFileType = wrapper.cfbundle; includeInIndex = 0; path = WatchTODOTests.xctest; sourceTree = BUILT_PRODUCTS_DIR; };
		46EE9DD61C4ADDDA0062D644 /* WatchTODOTests.swift */ = {isa = PBXFileReference; lastKnownFileType = sourcecode.swift; path = WatchTODOTests.swift; sourceTree = "<group>"; };
		46EE9DD81C4ADDDA0062D644 /* Info.plist */ = {isa = PBXFileReference; lastKnownFileType = text.plist.xml; path = Info.plist; sourceTree = "<group>"; };
		46EE9DDD1C4ADDDA0062D644 /* WatchTODOUITests.xctest */ = {isa = PBXFileReference; explicitFileType = wrapper.cfbundle; includeInIndex = 0; path = WatchTODOUITests.xctest; sourceTree = BUILT_PRODUCTS_DIR; };
		46EE9DE11C4ADDDA0062D644 /* WatchTODOUITests.swift */ = {isa = PBXFileReference; lastKnownFileType = sourcecode.swift; path = WatchTODOUITests.swift; sourceTree = "<group>"; };
		46EE9DE31C4ADDDA0062D644 /* Info.plist */ = {isa = PBXFileReference; lastKnownFileType = text.plist.xml; path = Info.plist; sourceTree = "<group>"; };
		46EE9DEF1C4AE9CC0062D644 /* Podfile */ = {isa = PBXFileReference; fileEncoding = 4; lastKnownFileType = text; path = Podfile; sourceTree = "<group>"; xcLanguageSpecificationIdentifier = xcode.lang.ruby; };
		46EE9DF21C4B13800062D644 /* MyTodoList.storyboard */ = {isa = PBXFileReference; fileEncoding = 4; lastKnownFileType = file.storyboard; path = MyTodoList.storyboard; sourceTree = "<group>"; };
		46EE9DF61C4B13C40062D644 /* Watch.storyboard */ = {isa = PBXFileReference; fileEncoding = 4; lastKnownFileType = file.storyboard; path = Watch.storyboard; sourceTree = "<group>"; };
		46EE9DFA1C4B14000062D644 /* Settings.storyboard */ = {isa = PBXFileReference; fileEncoding = 4; lastKnownFileType = file.storyboard; path = Settings.storyboard; sourceTree = "<group>"; };
		46EE9DFC1C4B14350062D644 /* MyTodoListViewController.swift */ = {isa = PBXFileReference; fileEncoding = 4; lastKnownFileType = sourcecode.swift; path = MyTodoListViewController.swift; sourceTree = "<group>"; };
		46EE9DFF1C4B14670062D644 /* WatchViewController.swift */ = {isa = PBXFileReference; fileEncoding = 4; lastKnownFileType = sourcecode.swift; path = WatchViewController.swift; sourceTree = "<group>"; };
		46EE9E021C4B14800062D644 /* SettingsViewController.swift */ = {isa = PBXFileReference; fileEncoding = 4; lastKnownFileType = sourcecode.swift; path = SettingsViewController.swift; sourceTree = "<group>"; };
		46EE9E041C4B15090062D644 /* MainTabBarController.swift */ = {isa = PBXFileReference; fileEncoding = 4; lastKnownFileType = sourcecode.swift; path = MainTabBarController.swift; sourceTree = "<group>"; };
		46EE9E081C4B26870062D644 /* MyTodoListNavigationController.swift */ = {isa = PBXFileReference; fileEncoding = 4; lastKnownFileType = sourcecode.swift; path = MyTodoListNavigationController.swift; sourceTree = "<group>"; };
		46EE9E0C1C4B3BF70062D644 /* AddActionViewController.swift */ = {isa = PBXFileReference; fileEncoding = 4; lastKnownFileType = sourcecode.swift; path = AddActionViewController.swift; sourceTree = "<group>"; };
		46EE9E0E1C4B485C0062D644 /* EditActionContentViewController.swift */ = {isa = PBXFileReference; fileEncoding = 4; lastKnownFileType = sourcecode.swift; path = EditActionContentViewController.swift; sourceTree = "<group>"; };
		46EE9E111C4B535C0062D644 /* AddActionCellHelper.swift */ = {isa = PBXFileReference; fileEncoding = 4; lastKnownFileType = sourcecode.swift; path = AddActionCellHelper.swift; sourceTree = "<group>"; };
		46EE9E161C4B58970062D644 /* AddActionContentTableViewCell1.swift */ = {isa = PBXFileReference; fileEncoding = 4; lastKnownFileType = sourcecode.swift; path = AddActionContentTableViewCell1.swift; sourceTree = "<group>"; };
		46EE9E181C4C2A8C0062D644 /* TodoActionItemTableViewCell.swift */ = {isa = PBXFileReference; fileEncoding = 4; lastKnownFileType = sourcecode.swift; path = TodoActionItemTableViewCell.swift; sourceTree = "<group>"; };
		46EE9E1B1C4C4F460062D644 /* ActionItemModel.swift */ = {isa = PBXFileReference; fileEncoding = 4; lastKnownFileType = sourcecode.swift; path = ActionItemModel.swift; sourceTree = "<group>"; };
		46EE9E1D1C4C67BA0062D644 /* ProjectModel.swift */ = {isa = PBXFileReference; fileEncoding = 4; lastKnownFileType = sourcecode.swift; path = ProjectModel.swift; sourceTree = "<group>"; };
		46EE9E1F1C4C67D70062D644 /* WatcherModel.swift */ = {isa = PBXFileReference; fileEncoding = 4; lastKnownFileType = sourcecode.swift; path = WatcherModel.swift; sourceTree = "<group>"; };
		46EE9E211C4C7DA20062D644 /* SelectProjectViewController.swift */ = {isa = PBXFileReference; fileEncoding = 4; lastKnownFileType = sourcecode.swift; path = SelectProjectViewController.swift; sourceTree = "<group>"; };
		46EE9E231C4C82190062D644 /* AddProjectViewController.swift */ = {isa = PBXFileReference; fileEncoding = 4; lastKnownFileType = sourcecode.swift; path = AddProjectViewController.swift; sourceTree = "<group>"; };
		46EE9E261C4DA4250062D644 /* SortActionItemListHelper.swift */ = {isa = PBXFileReference; fileEncoding = 4; lastKnownFileType = sourcecode.swift; path = SortActionItemListHelper.swift; sourceTree = "<group>"; };
		AA314E6A89CD1B19FA669B1D /* Pods.release.xcconfig */ = {isa = PBXFileReference; includeInIndex = 1; lastKnownFileType = text.xcconfig; name = Pods.release.xcconfig; path = "Pods/Target Support Files/Pods/Pods.release.xcconfig"; sourceTree = "<group>"; };
		FE7D93269CE1CC78AB49466F /* Pods.debug.xcconfig */ = {isa = PBXFileReference; includeInIndex = 1; lastKnownFileType = text.xcconfig; name = Pods.debug.xcconfig; path = "Pods/Target Support Files/Pods/Pods.debug.xcconfig"; sourceTree = "<group>"; };
/* End PBXFileReference section */

/* Begin PBXFrameworksBuildPhase section */
		46EE9DBB1C4ADDDA0062D644 /* Frameworks */ = {
			isa = PBXFrameworksBuildPhase;
			buildActionMask = 2147483647;
			files = (
				5886145302C3E6108664AB3E /* Pods.framework in Frameworks */,
			);
			runOnlyForDeploymentPostprocessing = 0;
		};
		46EE9DCF1C4ADDDA0062D644 /* Frameworks */ = {
			isa = PBXFrameworksBuildPhase;
			buildActionMask = 2147483647;
			files = (
			);
			runOnlyForDeploymentPostprocessing = 0;
		};
		46EE9DDA1C4ADDDA0062D644 /* Frameworks */ = {
			isa = PBXFrameworksBuildPhase;
			buildActionMask = 2147483647;
			files = (
			);
			runOnlyForDeploymentPostprocessing = 0;
		};
/* End PBXFrameworksBuildPhase section */

/* Begin PBXGroup section */
		4600E67D1C5ADBAE0007696F /* API */ = {
			isa = PBXGroup;
			children = (
				4600E67E1C5ADBC50007696F /* TodoListAPIHelper.swift */,
				465DB0DE1C5DADBB00DAD91F /* CommentAPIHelper.swift */,
				465B55EC1C61270500C75FC9 /* ProjectAPIHelper.swift */,
				465B55EE1C63C39200C75FC9 /* UpdateAPIHelper.swift */,
				46B17DD01C651CFC0006EEB3 /* FriendAPIHelper.swift */,
				46B17DD41C65B53A0006EEB3 /* SyncHelper.swift */,
				46B17DD61C6725F50006EEB3 /* WatchAPIHelper.swift */,
			);
			name = API;
			sourceTree = "<group>";
		};
		46902CA11C509AF800F07EF9 /* Views */ = {
			isa = PBXGroup;
			children = (
				46902CA21C509B1D00F07EF9 /* WatchTableViewCell.swift */,
				46902CA41C50BAD500F07EF9 /* WatchNoCommentTableViewCell.swift */,
				46E98EA01C55DF1700CE83EA /* WatchItemDetailContentTableViewCell.swift */,
				46E98EA21C55E48100CE83EA /* WatchItemDetailCommentTableViewCell.swift */,
			);
			name = Views;
			sourceTree = "<group>";
		};
		46B17DDE1C758CC10006EEB3 /* Message */ = {
			isa = PBXGroup;
			children = (
				46B17DE11C758CF70006EEB3 /* View Controllers */,
				46B17DDF1C758CE60006EEB3 /* Message.storyboard */,
			);
			name = Message;
			sourceTree = "<group>";
		};
		46B17DE11C758CF70006EEB3 /* View Controllers */ = {
			isa = PBXGroup;
			children = (
				46B17DE21C758D120006EEB3 /* MessageViewController.swift */,
			);
			name = "View Controllers";
			sourceTree = "<group>";
		};
		46B3DFF21C534A5B002A6769 /* Friends */ = {
			isa = PBXGroup;
			children = (
				46B3DFF31C534A83002A6769 /* FriendsViewController.swift */,
				46B3E0061C54ABF8002A6769 /* AddFriendViewController.swift */,
			);
			name = Friends;
			sourceTree = "<group>";
		};
		46B3DFF91C5483F7002A6769 /* Auth */ = {
			isa = PBXGroup;
			children = (
				46B3DFFA1C548415002A6769 /* LoginViewController.swift */,
				46B3DFFE1C5486A5002A6769 /* UserDefaultsHelper.swift */,
				46B3E0041C549652002A6769 /* SignupViewController.swift */,
			);
			name = Auth;
			sourceTree = "<group>";
		};
		46EE9DB51C4ADDDA0062D644 = {
			isa = PBXGroup;
			children = (
				46EE9DEF1C4AE9CC0062D644 /* Podfile */,
				46EE9DC01C4ADDDA0062D644 /* WatchTODO */,
				46EE9DD51C4ADDDA0062D644 /* WatchTODOTests */,
				46EE9DE01C4ADDDA0062D644 /* WatchTODOUITests */,
				46EE9DBF1C4ADDDA0062D644 /* Products */,
				9ECE7044C1C4DC185114725D /* Pods */,
				8351121F0113FDD508BCC408 /* Frameworks */,
			);
			sourceTree = "<group>";
		};
		46EE9DBF1C4ADDDA0062D644 /* Products */ = {
			isa = PBXGroup;
			children = (
				46EE9DBE1C4ADDDA0062D644 /* WatchTODO.app */,
				46EE9DD21C4ADDDA0062D644 /* WatchTODOTests.xctest */,
				46EE9DDD1C4ADDDA0062D644 /* WatchTODOUITests.xctest */,
			);
			name = Products;
			sourceTree = "<group>";
		};
		46EE9DC01C4ADDDA0062D644 /* WatchTODO */ = {
			isa = PBXGroup;
			children = (
				46B3DFF51C547F3C002A6769 /* Constant.swift */,
				46EE9DC11C4ADDDA0062D644 /* AppDelegate.swift */,
				46EE9E041C4B15090062D644 /* MainTabBarController.swift */,
				46EE9DC51C4ADDDA0062D644 /* Main.storyboard */,
				46B3DFF91C5483F7002A6769 /* Auth */,
				46EE9DF11C4B12AA0062D644 /* MyTodoList */,
				46EE9DF51C4B139B0062D644 /* Watch */,
				46B17DDE1C758CC10006EEB3 /* Message */,
				46EE9DF81C4B13EC0062D644 /* Settings */,
				46EE9DC81C4ADDDA0062D644 /* Assets.xcassets */,
				46EE9DCA1C4ADDDA0062D644 /* LaunchScreen.storyboard */,
				46EE9DCD1C4ADDDA0062D644 /* Info.plist */,
			);
			path = WatchTODO;
			sourceTree = "<group>";
		};
		46EE9DD51C4ADDDA0062D644 /* WatchTODOTests */ = {
			isa = PBXGroup;
			children = (
				46EE9DD61C4ADDDA0062D644 /* WatchTODOTests.swift */,
				46EE9DD81C4ADDDA0062D644 /* Info.plist */,
			);
			path = WatchTODOTests;
			sourceTree = "<group>";
		};
		46EE9DE01C4ADDDA0062D644 /* WatchTODOUITests */ = {
			isa = PBXGroup;
			children = (
				46EE9DE11C4ADDDA0062D644 /* WatchTODOUITests.swift */,
				46EE9DE31C4ADDDA0062D644 /* Info.plist */,
			);
			path = WatchTODOUITests;
			sourceTree = "<group>";
		};
		46EE9DF11C4B12AA0062D644 /* MyTodoList */ = {
			isa = PBXGroup;
			children = (
				4600E67D1C5ADBAE0007696F /* API */,
				46EE9E251C4DA3CC0062D644 /* Utilities */,
				46EE9E1A1C4C4F300062D644 /* Models */,
				46EE9E131C4B56680062D644 /* Views */,
				46EE9DF41C4B138B0062D644 /* View Controllers */,
				46EE9DF21C4B13800062D644 /* MyTodoList.storyboard */,
				46EE9E081C4B26870062D644 /* MyTodoListNavigationController.swift */,
			);
			name = MyTodoList;
			sourceTree = "<group>";
		};
		46EE9DF41C4B138B0062D644 /* View Controllers */ = {
			isa = PBXGroup;
			children = (
				46EE9E101C4B48640062D644 /* Add Action */,
				46EE9DFC1C4B14350062D644 /* MyTodoListViewController.swift */,
				465DB0DA1C5B220900DAD91F /* CommentsViewController.swift */,
				465DB0E01C5DE42800DAD91F /* LeftViewController.swift */,
			);
			name = "View Controllers";
			sourceTree = "<group>";
		};
		46EE9DF51C4B139B0062D644 /* Watch */ = {
			isa = PBXGroup;
			children = (
				46902CA11C509AF800F07EF9 /* Views */,
				46EE9DFE1C4B14400062D644 /* View Controllers */,
				46EE9DF61C4B13C40062D644 /* Watch.storyboard */,
			);
			name = Watch;
			sourceTree = "<group>";
		};
		46EE9DF81C4B13EC0062D644 /* Settings */ = {
			isa = PBXGroup;
			children = (
				46EE9E011C4B146C0062D644 /* View Controllers */,
				46EE9DFA1C4B14000062D644 /* Settings.storyboard */,
			);
			name = Settings;
			sourceTree = "<group>";
		};
		46EE9DFE1C4B14400062D644 /* View Controllers */ = {
			isa = PBXGroup;
			children = (
				46B3DFF21C534A5B002A6769 /* Friends */,
				46EE9DFF1C4B14670062D644 /* WatchViewController.swift */,
				46E98E9C1C55DA3B00CE83EA /* WatchItemDetailViewController.swift */,
				46E98E9E1C55DAEE00CE83EA /* WatchFriendViewController.swift */,
				465DB0E21C5F243E00DAD91F /* WatchNavigationController.swift */,
			);
			name = "View Controllers";
			sourceTree = "<group>";
		};
		46EE9E011C4B146C0062D644 /* View Controllers */ = {
			isa = PBXGroup;
			children = (
				46EE9E021C4B14800062D644 /* SettingsViewController.swift */,
			);
			name = "View Controllers";
			sourceTree = "<group>";
		};
		46EE9E101C4B48640062D644 /* Add Action */ = {
			isa = PBXGroup;
			children = (
				46EE9E0C1C4B3BF70062D644 /* AddActionViewController.swift */,
				46EE9E0E1C4B485C0062D644 /* EditActionContentViewController.swift */,
				46EE9E111C4B535C0062D644 /* AddActionCellHelper.swift */,
				46EE9E211C4C7DA20062D644 /* SelectProjectViewController.swift */,
				46EE9E231C4C82190062D644 /* AddProjectViewController.swift */,
			);
			name = "Add Action";
			sourceTree = "<group>";
		};
		46EE9E131C4B56680062D644 /* Views */ = {
			isa = PBXGroup;
			children = (
				46EE9E161C4B58970062D644 /* AddActionContentTableViewCell1.swift */,
				46EE9E181C4C2A8C0062D644 /* TodoActionItemTableViewCell.swift */,
				4600E66F1C5721110007696F /* AddActionContentTableViewCell.swift */,
				4600E6711C5721D50007696F /* AddActionPriorityTableViewCell.swift */,
				4600E6751C59D77A0007696F /* TodoUnfoldTableViewCell.swift */,
				4600E6771C59E5380007696F /* RenderCommentView.swift */,
				465DB0D81C5B029F00DAD91F /* ChatBubbleTableViewCell.swift */,
				465DB0DC1C5B41C200DAD91F /* ChatBubbleTableViewCell2.swift */,
			);
			name = Views;
			sourceTree = "<group>";
		};
		46EE9E1A1C4C4F300062D644 /* Models */ = {
			isa = PBXGroup;
			children = (
				46EE9E1B1C4C4F460062D644 /* ActionItemModel.swift */,
				46EE9E1D1C4C67BA0062D644 /* ProjectModel.swift */,
				46EE9E1F1C4C67D70062D644 /* WatcherModel.swift */,
				46E98E9A1C559ABA00CE83EA /* FriendModel.swift */,
				4600E6791C5AA48A0007696F /* Migrations.swift */,
				4600E67B1C5AD5940007696F /* CommentModel.swift */,
			);
			name = Models;
			sourceTree = "<group>";
		};
		46EE9E251C4DA3CC0062D644 /* Utilities */ = {
			isa = PBXGroup;
			children = (
				46EE9E261C4DA4250062D644 /* SortActionItemListHelper.swift */,
				46B3DFF71C547FB4002A6769 /* CallAPIHelper.swift */,
				46B17DD21C657DD70006EEB3 /* DateTimeHelper.swift */,
				46B17DE41C76726C0006EEB3 /* SortMessagesHelper.swift */,
			);
			name = Utilities;
			sourceTree = "<group>";
		};
		8351121F0113FDD508BCC408 /* Frameworks */ = {
			isa = PBXGroup;
			children = (
				1CF17AAB31057DFF1F525CCD /* Pods.framework */,
			);
			name = Frameworks;
			sourceTree = "<group>";
		};
		9ECE7044C1C4DC185114725D /* Pods */ = {
			isa = PBXGroup;
			children = (
				FE7D93269CE1CC78AB49466F /* Pods.debug.xcconfig */,
				AA314E6A89CD1B19FA669B1D /* Pods.release.xcconfig */,
			);
			name = Pods;
			sourceTree = "<group>";
		};
/* End PBXGroup section */

/* Begin PBXNativeTarget section */
		46EE9DBD1C4ADDDA0062D644 /* WatchTODO */ = {
			isa = PBXNativeTarget;
			buildConfigurationList = 46EE9DE61C4ADDDA0062D644 /* Build configuration list for PBXNativeTarget "WatchTODO" */;
			buildPhases = (
				8F293D92823E91686FCABA6F /* Check Pods Manifest.lock */,
				46EE9DBA1C4ADDDA0062D644 /* Sources */,
				46EE9DBB1C4ADDDA0062D644 /* Frameworks */,
				46EE9DBC1C4ADDDA0062D644 /* Resources */,
				077862667604DD7338B10196 /* Embed Pods Frameworks */,
				0C6FD5D88CBFE07A4503B579 /* Copy Pods Resources */,
			);
			buildRules = (
			);
			dependencies = (
			);
			name = WatchTODO;
			productName = WatchTODO;
			productReference = 46EE9DBE1C4ADDDA0062D644 /* WatchTODO.app */;
			productType = "com.apple.product-type.application";
		};
		46EE9DD11C4ADDDA0062D644 /* WatchTODOTests */ = {
			isa = PBXNativeTarget;
			buildConfigurationList = 46EE9DE91C4ADDDA0062D644 /* Build configuration list for PBXNativeTarget "WatchTODOTests" */;
			buildPhases = (
				46EE9DCE1C4ADDDA0062D644 /* Sources */,
				46EE9DCF1C4ADDDA0062D644 /* Frameworks */,
				46EE9DD01C4ADDDA0062D644 /* Resources */,
			);
			buildRules = (
			);
			dependencies = (
				46EE9DD41C4ADDDA0062D644 /* PBXTargetDependency */,
			);
			name = WatchTODOTests;
			productName = WatchTODOTests;
			productReference = 46EE9DD21C4ADDDA0062D644 /* WatchTODOTests.xctest */;
			productType = "com.apple.product-type.bundle.unit-test";
		};
		46EE9DDC1C4ADDDA0062D644 /* WatchTODOUITests */ = {
			isa = PBXNativeTarget;
			buildConfigurationList = 46EE9DEC1C4ADDDA0062D644 /* Build configuration list for PBXNativeTarget "WatchTODOUITests" */;
			buildPhases = (
				46EE9DD91C4ADDDA0062D644 /* Sources */,
				46EE9DDA1C4ADDDA0062D644 /* Frameworks */,
				46EE9DDB1C4ADDDA0062D644 /* Resources */,
			);
			buildRules = (
			);
			dependencies = (
				46EE9DDF1C4ADDDA0062D644 /* PBXTargetDependency */,
			);
			name = WatchTODOUITests;
			productName = WatchTODOUITests;
			productReference = 46EE9DDD1C4ADDDA0062D644 /* WatchTODOUITests.xctest */;
			productType = "com.apple.product-type.bundle.ui-testing";
		};
/* End PBXNativeTarget section */

/* Begin PBXProject section */
		46EE9DB61C4ADDDA0062D644 /* Project object */ = {
			isa = PBXProject;
			attributes = {
				LastSwiftUpdateCheck = 0720;
				LastUpgradeCheck = 0720;
				ORGANIZATIONNAME = naitianliu;
				TargetAttributes = {
					46EE9DBD1C4ADDDA0062D644 = {
						CreatedOnToolsVersion = 7.2;
						DevelopmentTeam = 7QF59FN54B;
					};
					46EE9DD11C4ADDDA0062D644 = {
						CreatedOnToolsVersion = 7.2;
						TestTargetID = 46EE9DBD1C4ADDDA0062D644;
					};
					46EE9DDC1C4ADDDA0062D644 = {
						CreatedOnToolsVersion = 7.2;
						TestTargetID = 46EE9DBD1C4ADDDA0062D644;
					};
				};
			};
			buildConfigurationList = 46EE9DB91C4ADDDA0062D644 /* Build configuration list for PBXProject "WatchTODO" */;
			compatibilityVersion = "Xcode 3.2";
			developmentRegion = English;
			hasScannedForEncodings = 0;
			knownRegions = (
				en,
				Base,
			);
			mainGroup = 46EE9DB51C4ADDDA0062D644;
			productRefGroup = 46EE9DBF1C4ADDDA0062D644 /* Products */;
			projectDirPath = "";
			projectRoot = "";
			targets = (
				46EE9DBD1C4ADDDA0062D644 /* WatchTODO */,
				46EE9DD11C4ADDDA0062D644 /* WatchTODOTests */,
				46EE9DDC1C4ADDDA0062D644 /* WatchTODOUITests */,
			);
		};
/* End PBXProject section */

/* Begin PBXResourcesBuildPhase section */
		46EE9DBC1C4ADDDA0062D644 /* Resources */ = {
			isa = PBXResourcesBuildPhase;
			buildActionMask = 2147483647;
			files = (
				46EE9DCC1C4ADDDA0062D644 /* LaunchScreen.storyboard in Resources */,
				46EE9DC91C4ADDDA0062D644 /* Assets.xcassets in Resources */,
				46EE9DF71C4B13C40062D644 /* Watch.storyboard in Resources */,
				46EE9DF31C4B13800062D644 /* MyTodoList.storyboard in Resources */,
				46EE9DF01C4AE9CC0062D644 /* Podfile in Resources */,
				46EE9DC71C4ADDDA0062D644 /* Main.storyboard in Resources */,
				46B17DE01C758CE60006EEB3 /* Message.storyboard in Resources */,
				46EE9DFB1C4B14000062D644 /* Settings.storyboard in Resources */,
			);
			runOnlyForDeploymentPostprocessing = 0;
		};
		46EE9DD01C4ADDDA0062D644 /* Resources */ = {
			isa = PBXResourcesBuildPhase;
			buildActionMask = 2147483647;
			files = (
			);
			runOnlyForDeploymentPostprocessing = 0;
		};
		46EE9DDB1C4ADDDA0062D644 /* Resources */ = {
			isa = PBXResourcesBuildPhase;
			buildActionMask = 2147483647;
			files = (
			);
			runOnlyForDeploymentPostprocessing = 0;
		};
/* End PBXResourcesBuildPhase section */

/* Begin PBXShellScriptBuildPhase section */
		077862667604DD7338B10196 /* Embed Pods Frameworks */ = {
			isa = PBXShellScriptBuildPhase;
			buildActionMask = 2147483647;
			files = (
			);
			inputPaths = (
			);
			name = "Embed Pods Frameworks";
			outputPaths = (
			);
			runOnlyForDeploymentPostprocessing = 0;
			shellPath = /bin/sh;
			shellScript = "\"${SRCROOT}/Pods/Target Support Files/Pods/Pods-frameworks.sh\"\n";
			showEnvVarsInLog = 0;
		};
		0C6FD5D88CBFE07A4503B579 /* Copy Pods Resources */ = {
			isa = PBXShellScriptBuildPhase;
			buildActionMask = 2147483647;
			files = (
			);
			inputPaths = (
			);
			name = "Copy Pods Resources";
			outputPaths = (
			);
			runOnlyForDeploymentPostprocessing = 0;
			shellPath = /bin/sh;
			shellScript = "\"${SRCROOT}/Pods/Target Support Files/Pods/Pods-resources.sh\"\n";
			showEnvVarsInLog = 0;
		};
		8F293D92823E91686FCABA6F /* Check Pods Manifest.lock */ = {
			isa = PBXShellScriptBuildPhase;
			buildActionMask = 2147483647;
			files = (
			);
			inputPaths = (
			);
			name = "Check Pods Manifest.lock";
			outputPaths = (
			);
			runOnlyForDeploymentPostprocessing = 0;
			shellPath = /bin/sh;
			shellScript = "diff \"${PODS_ROOT}/../Podfile.lock\" \"${PODS_ROOT}/Manifest.lock\" > /dev/null\nif [[ $? != 0 ]] ; then\n    cat << EOM\nerror: The sandbox is not in sync with the Podfile.lock. Run 'pod install' or update your CocoaPods installation.\nEOM\n    exit 1\nfi\n";
			showEnvVarsInLog = 0;
		};
/* End PBXShellScriptBuildPhase section */

/* Begin PBXSourcesBuildPhase section */
		46EE9DBA1C4ADDDA0062D644 /* Sources */ = {
			isa = PBXSourcesBuildPhase;
			buildActionMask = 2147483647;
			files = (
				46EE9E0F1C4B485C0062D644 /* EditActionContentViewController.swift in Sources */,
				46B17DD71C6725F50006EEB3 /* WatchAPIHelper.swift in Sources */,
				46E98E9B1C559ABA00CE83EA /* FriendModel.swift in Sources */,
				46EE9DFD1C4B14350062D644 /* MyTodoListViewController.swift in Sources */,
				46902CA51C50BAD500F07EF9 /* WatchNoCommentTableViewCell.swift in Sources */,
				46E98E9D1C55DA3B00CE83EA /* WatchItemDetailViewController.swift in Sources */,
				46EE9E001C4B14670062D644 /* WatchViewController.swift in Sources */,
				46E98EA11C55DF1700CE83EA /* WatchItemDetailContentTableViewCell.swift in Sources */,
				4600E67F1C5ADBC50007696F /* TodoListAPIHelper.swift in Sources */,
				46B3DFF41C534A83002A6769 /* FriendsViewController.swift in Sources */,
				46EE9E051C4B15090062D644 /* MainTabBarController.swift in Sources */,
				4600E6761C59D77A0007696F /* TodoUnfoldTableViewCell.swift in Sources */,
				46EE9DC21C4ADDDA0062D644 /* AppDelegate.swift in Sources */,
				46B17DE31C758D120006EEB3 /* MessageViewController.swift in Sources */,
				465DB0DF1C5DADBB00DAD91F /* CommentAPIHelper.swift in Sources */,
				46EE9E031C4B14800062D644 /* SettingsViewController.swift in Sources */,
				46902CA31C509B1D00F07EF9 /* WatchTableViewCell.swift in Sources */,
				46EE9E271C4DA4260062D644 /* SortActionItemListHelper.swift in Sources */,
				46EE9E221C4C7DA20062D644 /* SelectProjectViewController.swift in Sources */,
				46EE9E191C4C2A8C0062D644 /* TodoActionItemTableViewCell.swift in Sources */,
				46B3E0071C54ABF8002A6769 /* AddFriendViewController.swift in Sources */,
				4600E6781C59E5380007696F /* RenderCommentView.swift in Sources */,
				46B3DFFB1C548415002A6769 /* LoginViewController.swift in Sources */,
				46EE9E091C4B26870062D644 /* MyTodoListNavigationController.swift in Sources */,
				465B55ED1C61270500C75FC9 /* ProjectAPIHelper.swift in Sources */,
				46B3DFFF1C5486A5002A6769 /* UserDefaultsHelper.swift in Sources */,
				4600E67A1C5AA48A0007696F /* Migrations.swift in Sources */,
				4600E6721C5721D50007696F /* AddActionPriorityTableViewCell.swift in Sources */,
				465DB0E11C5DE42800DAD91F /* LeftViewController.swift in Sources */,
				465DB0DB1C5B220900DAD91F /* CommentsViewController.swift in Sources */,
				46B17DD31C657DD70006EEB3 /* DateTimeHelper.swift in Sources */,
				4600E6701C5721110007696F /* AddActionContentTableViewCell.swift in Sources */,
				46E98EA31C55E48100CE83EA /* WatchItemDetailCommentTableViewCell.swift in Sources */,
				46EE9E0D1C4B3BF70062D644 /* AddActionViewController.swift in Sources */,
				46EE9E1E1C4C67BA0062D644 /* ProjectModel.swift in Sources */,
				46EE9E1C1C4C4F460062D644 /* ActionItemModel.swift in Sources */,
				46B3DFF81C547FB4002A6769 /* CallAPIHelper.swift in Sources */,
				4600E67C1C5AD5940007696F /* CommentModel.swift in Sources */,
				465DB0D91C5B029F00DAD91F /* ChatBubbleTableViewCell.swift in Sources */,
				46EE9E241C4C82190062D644 /* AddProjectViewController.swift in Sources */,
				46EE9E171C4B58970062D644 /* AddActionContentTableViewCell1.swift in Sources */,
				46B17DD51C65B53A0006EEB3 /* SyncHelper.swift in Sources */,
				46B3E0051C549652002A6769 /* SignupViewController.swift in Sources */,
				46E98E9F1C55DAEE00CE83EA /* WatchFriendViewController.swift in Sources */,
				46B3DFF61C547F3C002A6769 /* Constant.swift in Sources */,
				465B55EF1C63C39200C75FC9 /* UpdateAPIHelper.swift in Sources */,
				46B17DD11C651CFC0006EEB3 /* FriendAPIHelper.swift in Sources */,
				46B17DE51C76726C0006EEB3 /* SortMessagesHelper.swift in Sources */,
				46EE9E201C4C67D70062D644 /* WatcherModel.swift in Sources */,
				465DB0E31C5F243E00DAD91F /* WatchNavigationController.swift in Sources */,
				465DB0DD1C5B41C200DAD91F /* ChatBubbleTableViewCell2.swift in Sources */,
				46EE9E121C4B535C0062D644 /* AddActionCellHelper.swift in Sources */,
			);
			runOnlyForDeploymentPostprocessing = 0;
		};
		46EE9DCE1C4ADDDA0062D644 /* Sources */ = {
			isa = PBXSourcesBuildPhase;
			buildActionMask = 2147483647;
			files = (
				46EE9DD71C4ADDDA0062D644 /* WatchTODOTests.swift in Sources */,
			);
			runOnlyForDeploymentPostprocessing = 0;
		};
		46EE9DD91C4ADDDA0062D644 /* Sources */ = {
			isa = PBXSourcesBuildPhase;
			buildActionMask = 2147483647;
			files = (
				46EE9DE21C4ADDDA0062D644 /* WatchTODOUITests.swift in Sources */,
			);
			runOnlyForDeploymentPostprocessing = 0;
		};
/* End PBXSourcesBuildPhase section */

/* Begin PBXTargetDependency section */
		46EE9DD41C4ADDDA0062D644 /* PBXTargetDependency */ = {
			isa = PBXTargetDependency;
			target = 46EE9DBD1C4ADDDA0062D644 /* WatchTODO */;
			targetProxy = 46EE9DD31C4ADDDA0062D644 /* PBXContainerItemProxy */;
		};
		46EE9DDF1C4ADDDA0062D644 /* PBXTargetDependency */ = {
			isa = PBXTargetDependency;
			target = 46EE9DBD1C4ADDDA0062D644 /* WatchTODO */;
			targetProxy = 46EE9DDE1C4ADDDA0062D644 /* PBXContainerItemProxy */;
		};
/* End PBXTargetDependency section */

/* Begin PBXVariantGroup section */
		46EE9DC51C4ADDDA0062D644 /* Main.storyboard */ = {
			isa = PBXVariantGroup;
			children = (
				46EE9DC61C4ADDDA0062D644 /* Base */,
			);
			name = Main.storyboard;
			sourceTree = "<group>";
		};
		46EE9DCA1C4ADDDA0062D644 /* LaunchScreen.storyboard */ = {
			isa = PBXVariantGroup;
			children = (
				46EE9DCB1C4ADDDA0062D644 /* Base */,
			);
			name = LaunchScreen.storyboard;
			sourceTree = "<group>";
		};
/* End PBXVariantGroup section */

/* Begin XCBuildConfiguration section */
		46EE9DE41C4ADDDA0062D644 /* Debug */ = {
			isa = XCBuildConfiguration;
			buildSettings = {
				ALWAYS_SEARCH_USER_PATHS = NO;
				CLANG_CXX_LANGUAGE_STANDARD = "gnu++0x";
				CLANG_CXX_LIBRARY = "libc++";
				CLANG_ENABLE_MODULES = YES;
				CLANG_ENABLE_OBJC_ARC = YES;
				CLANG_WARN_BOOL_CONVERSION = YES;
				CLANG_WARN_CONSTANT_CONVERSION = YES;
				CLANG_WARN_DIRECT_OBJC_ISA_USAGE = YES_ERROR;
				CLANG_WARN_EMPTY_BODY = YES;
				CLANG_WARN_ENUM_CONVERSION = YES;
				CLANG_WARN_INT_CONVERSION = YES;
				CLANG_WARN_OBJC_ROOT_CLASS = YES_ERROR;
				CLANG_WARN_UNREACHABLE_CODE = YES;
				CLANG_WARN__DUPLICATE_METHOD_MATCH = YES;
				"CODE_SIGN_IDENTITY[sdk=iphoneos*]" = "iPhone Developer";
				COPY_PHASE_STRIP = NO;
				DEBUG_INFORMATION_FORMAT = dwarf;
				ENABLE_STRICT_OBJC_MSGSEND = YES;
				ENABLE_TESTABILITY = YES;
				GCC_C_LANGUAGE_STANDARD = gnu99;
				GCC_DYNAMIC_NO_PIC = NO;
				GCC_NO_COMMON_BLOCKS = YES;
				GCC_OPTIMIZATION_LEVEL = 0;
				GCC_PREPROCESSOR_DEFINITIONS = (
					"DEBUG=1",
					"$(inherited)",
				);
				GCC_WARN_64_TO_32_BIT_CONVERSION = YES;
				GCC_WARN_ABOUT_RETURN_TYPE = YES_ERROR;
				GCC_WARN_UNDECLARED_SELECTOR = YES;
				GCC_WARN_UNINITIALIZED_AUTOS = YES_AGGRESSIVE;
				GCC_WARN_UNUSED_FUNCTION = YES;
				GCC_WARN_UNUSED_VARIABLE = YES;
				IPHONEOS_DEPLOYMENT_TARGET = 9.2;
				MTL_ENABLE_DEBUG_INFO = YES;
				ONLY_ACTIVE_ARCH = YES;
				SDKROOT = iphoneos;
				SWIFT_OPTIMIZATION_LEVEL = "-Onone";
			};
			name = Debug;
		};
		46EE9DE51C4ADDDA0062D644 /* Release */ = {
			isa = XCBuildConfiguration;
			buildSettings = {
				ALWAYS_SEARCH_USER_PATHS = NO;
				CLANG_CXX_LANGUAGE_STANDARD = "gnu++0x";
				CLANG_CXX_LIBRARY = "libc++";
				CLANG_ENABLE_MODULES = YES;
				CLANG_ENABLE_OBJC_ARC = YES;
				CLANG_WARN_BOOL_CONVERSION = YES;
				CLANG_WARN_CONSTANT_CONVERSION = YES;
				CLANG_WARN_DIRECT_OBJC_ISA_USAGE = YES_ERROR;
				CLANG_WARN_EMPTY_BODY = YES;
				CLANG_WARN_ENUM_CONVERSION = YES;
				CLANG_WARN_INT_CONVERSION = YES;
				CLANG_WARN_OBJC_ROOT_CLASS = YES_ERROR;
				CLANG_WARN_UNREACHABLE_CODE = YES;
				CLANG_WARN__DUPLICATE_METHOD_MATCH = YES;
				"CODE_SIGN_IDENTITY[sdk=iphoneos*]" = "iPhone Developer";
				COPY_PHASE_STRIP = NO;
				DEBUG_INFORMATION_FORMAT = "dwarf-with-dsym";
				ENABLE_NS_ASSERTIONS = NO;
				ENABLE_STRICT_OBJC_MSGSEND = YES;
				GCC_C_LANGUAGE_STANDARD = gnu99;
				GCC_NO_COMMON_BLOCKS = YES;
				GCC_WARN_64_TO_32_BIT_CONVERSION = YES;
				GCC_WARN_ABOUT_RETURN_TYPE = YES_ERROR;
				GCC_WARN_UNDECLARED_SELECTOR = YES;
				GCC_WARN_UNINITIALIZED_AUTOS = YES_AGGRESSIVE;
				GCC_WARN_UNUSED_FUNCTION = YES;
				GCC_WARN_UNUSED_VARIABLE = YES;
				IPHONEOS_DEPLOYMENT_TARGET = 9.2;
				MTL_ENABLE_DEBUG_INFO = NO;
				SDKROOT = iphoneos;
				VALIDATE_PRODUCT = YES;
			};
			name = Release;
		};
		46EE9DE71C4ADDDA0062D644 /* Debug */ = {
			isa = XCBuildConfiguration;
			baseConfigurationReference = FE7D93269CE1CC78AB49466F /* Pods.debug.xcconfig */;
			buildSettings = {
				ASSETCATALOG_COMPILER_APPICON_NAME = AppIcon;
				CODE_SIGN_IDENTITY = "iPhone Developer";
				INFOPLIST_FILE = WatchTODO/Info.plist;
				LD_RUNPATH_SEARCH_PATHS = "$(inherited) @executable_path/Frameworks";
				PRODUCT_BUNDLE_IDENTIFIER = com.naitianliu.WatchTODO;
				PRODUCT_NAME = "$(TARGET_NAME)";
			};
			name = Debug;
		};
		46EE9DE81C4ADDDA0062D644 /* Release */ = {
			isa = XCBuildConfiguration;
			baseConfigurationReference = AA314E6A89CD1B19FA669B1D /* Pods.release.xcconfig */;
			buildSettings = {
				ASSETCATALOG_COMPILER_APPICON_NAME = AppIcon;
				CODE_SIGN_IDENTITY = "iPhone Developer";
				INFOPLIST_FILE = WatchTODO/Info.plist;
				LD_RUNPATH_SEARCH_PATHS = "$(inherited) @executable_path/Frameworks";
				PRODUCT_BUNDLE_IDENTIFIER = com.naitianliu.WatchTODO;
				PRODUCT_NAME = "$(TARGET_NAME)";
			};
			name = Release;
		};
		46EE9DEA1C4ADDDA0062D644 /* Debug */ = {
			isa = XCBuildConfiguration;
			buildSettings = {
				BUNDLE_LOADER = "$(TEST_HOST)";
				INFOPLIST_FILE = WatchTODOTests/Info.plist;
				LD_RUNPATH_SEARCH_PATHS = "$(inherited) @executable_path/Frameworks @loader_path/Frameworks";
				PRODUCT_BUNDLE_IDENTIFIER = com.naitianliu.WatchTODOTests;
				PRODUCT_NAME = "$(TARGET_NAME)";
				TEST_HOST = "$(BUILT_PRODUCTS_DIR)/WatchTODO.app/WatchTODO";
			};
			name = Debug;
		};
		46EE9DEB1C4ADDDA0062D644 /* Release */ = {
			isa = XCBuildConfiguration;
			buildSettings = {
				BUNDLE_LOADER = "$(TEST_HOST)";
				INFOPLIST_FILE = WatchTODOTests/Info.plist;
				LD_RUNPATH_SEARCH_PATHS = "$(inherited) @executable_path/Frameworks @loader_path/Frameworks";
				PRODUCT_BUNDLE_IDENTIFIER = com.naitianliu.WatchTODOTests;
				PRODUCT_NAME = "$(TARGET_NAME)";
				TEST_HOST = "$(BUILT_PRODUCTS_DIR)/WatchTODO.app/WatchTODO";
			};
			name = Release;
		};
		46EE9DED1C4ADDDA0062D644 /* Debug */ = {
			isa = XCBuildConfiguration;
			buildSettings = {
				INFOPLIST_FILE = WatchTODOUITests/Info.plist;
				LD_RUNPATH_SEARCH_PATHS = "$(inherited) @executable_path/Frameworks @loader_path/Frameworks";
				PRODUCT_BUNDLE_IDENTIFIER = com.naitianliu.WatchTODOUITests;
				PRODUCT_NAME = "$(TARGET_NAME)";
				TEST_TARGET_NAME = WatchTODO;
				USES_XCTRUNNER = YES;
			};
			name = Debug;
		};
		46EE9DEE1C4ADDDA0062D644 /* Release */ = {
			isa = XCBuildConfiguration;
			buildSettings = {
				INFOPLIST_FILE = WatchTODOUITests/Info.plist;
				LD_RUNPATH_SEARCH_PATHS = "$(inherited) @executable_path/Frameworks @loader_path/Frameworks";
				PRODUCT_BUNDLE_IDENTIFIER = com.naitianliu.WatchTODOUITests;
				PRODUCT_NAME = "$(TARGET_NAME)";
				TEST_TARGET_NAME = WatchTODO;
				USES_XCTRUNNER = YES;
			};
			name = Release;
		};
/* End XCBuildConfiguration section */

/* Begin XCConfigurationList section */
		46EE9DB91C4ADDDA0062D644 /* Build configuration list for PBXProject "WatchTODO" */ = {
			isa = XCConfigurationList;
			buildConfigurations = (
				46EE9DE41C4ADDDA0062D644 /* Debug */,
				46EE9DE51C4ADDDA0062D644 /* Release */,
			);
			defaultConfigurationIsVisible = 0;
			defaultConfigurationName = Release;
		};
		46EE9DE61C4ADDDA0062D644 /* Build configuration list for PBXNativeTarget "WatchTODO" */ = {
			isa = XCConfigurationList;
			buildConfigurations = (
				46EE9DE71C4ADDDA0062D644 /* Debug */,
				46EE9DE81C4ADDDA0062D644 /* Release */,
			);
			defaultConfigurationIsVisible = 0;
			defaultConfigurationName = Release;
		};
		46EE9DE91C4ADDDA0062D644 /* Build configuration list for PBXNativeTarget "WatchTODOTests" */ = {
			isa = XCConfigurationList;
			buildConfigurations = (
				46EE9DEA1C4ADDDA0062D644 /* Debug */,
				46EE9DEB1C4ADDDA0062D644 /* Release */,
			);
			defaultConfigurationIsVisible = 0;
			defaultConfigurationName = Release;
		};
		46EE9DEC1C4ADDDA0062D644 /* Build configuration list for PBXNativeTarget "WatchTODOUITests" */ = {
			isa = XCConfigurationList;
			buildConfigurations = (
				46EE9DED1C4ADDDA0062D644 /* Debug */,
				46EE9DEE1C4ADDDA0062D644 /* Release */,
			);
			defaultConfigurationIsVisible = 0;
			defaultConfigurationName = Release;
		};
/* End XCConfigurationList section */
	};
	rootObject = 46EE9DB61C4ADDDA0062D644 /* Project object */;
}
