// !$*UTF8*$!
{
	archiveVersion = 1;
	classes = {
	};
	objectVersion = 46;
	objects = {

/* Begin PBXBuildFile section */
		46EE9DC21C4ADDDA0062D644 /* AppDelegate.swift in Sources */ = {isa = PBXBuildFile; fileRef = 46EE9DC11C4ADDDA0062D644 /* AppDelegate.swift */; };
		46EE9DC41C4ADDDA0062D644 /* ViewController.swift in Sources */ = {isa = PBXBuildFile; fileRef = 46EE9DC31C4ADDDA0062D644 /* ViewController.swift */; };
		46EE9DC71C4ADDDA0062D644 /* Main.storyboard in Resources */ = {isa = PBXBuildFile; fileRef = 46EE9DC51C4ADDDA0062D644 /* Main.storyboard */; };
		46EE9DC91C4ADDDA0062D644 /* Assets.xcassets in Resources */ = {isa = PBXBuildFile; fileRef = 46EE9DC81C4ADDDA0062D644 /* Assets.xcassets */; };
		46EE9DCC1C4ADDDA0062D644 /* LaunchScreen.storyboard in Resources */ = {isa = PBXBuildFile; fileRef = 46EE9DCA1C4ADDDA0062D644 /* LaunchScreen.storyboard */; };
		46EE9DD71C4ADDDA0062D644 /* WatchTODOTests.swift in Sources */ = {isa = PBXBuildFile; fileRef = 46EE9DD61C4ADDDA0062D644 /* WatchTODOTests.swift */; };
		46EE9DE21C4ADDDA0062D644 /* WatchTODOUITests.swift in Sources */ = {isa = PBXBuildFile; fileRef = 46EE9DE11C4ADDDA0062D644 /* WatchTODOUITests.swift */; };
/* End PBXBuildFile section */

/* Begin PBXContainerItemProxy section */
		46EE9DD31C4ADDDA0062D644 /* PBXContainerItemProxy */ = {
			isa = PBXContainerItemProxy;
			containerPortal = 46EE9DB61C4ADDDA0062D644 /* Project object */;
			proxyType = 1;
			remoteGlobalIDString = 46EE9DBD1C4ADDDA0062D644;
			remoteInfo = WatchTODO;
		};
		46EE9DDE1C4ADDDA0062D644 /* PBXContainerItemProxy */ = {
			isa = PBXContainerItemProxy;
			containerPortal = 46EE9DB61C4ADDDA0062D644 /* Project object */;
			proxyType = 1;
			remoteGlobalIDString = 46EE9DBD1C4ADDDA0062D644;
			remoteInfo = WatchTODO;
		};
/* End PBXContainerItemProxy section */

/* Begin PBXFileReference section */
		46EE9DBE1C4ADDDA0062D644 /* WatchTODO.app */ = {isa = PBXFileReference; explicitFileType = wrapper.application; includeInIndex = 0; path = WatchTODO.app; sourceTree = BUILT_PRODUCTS_DIR; };
		46EE9DC11C4ADDDA0062D644 /* AppDelegate.swift */ = {isa = PBXFileReference; lastKnownFileType = sourcecode.swift; path = AppDelegate.swift; sourceTree = "<group>"; };
		46EE9DC31C4ADDDA0062D644 /* ViewController.swift */ = {isa = PBXFileReference; lastKnownFileType = sourcecode.swift; path = ViewController.swift; sourceTree = "<group>"; };
		46EE9DC61C4ADDDA0062D644 /* Base */ = {isa = PBXFileReference; lastKnownFileType = file.storyboard; name = Base; path = Base.lproj/Main.storyboard; sourceTree = "<group>"; };
		46EE9DC81C4ADDDA0062D644 /* Assets.xcassets */ = {isa = PBXFileReference; lastKnownFileType = folder.assetcatalog; path = Assets.xcassets; sourceTree = "<group>"; };
		46EE9DCB1C4ADDDA0062D644 /* Base */ = {isa = PBXFileReference; lastKnownFileType = file.storyboard; name = Base; path = Base.lproj/LaunchScreen.storyboard; sourceTree = "<group>"; };
		46EE9DCD1C4ADDDA0062D644 /* Info.plist */ = {isa = PBXFileReference; lastKnownFileType = text.plist.xml; path = Info.plist; sourceTree = "<group>"; };
		46EE9DD21C4ADDDA0062D644 /* WatchTODOTests.xctest */ = {isa = PBXFileReference; explicitFileType = wrapper.cfbundle; includeInIndex = 0; path = WatchTODOTests.xctest; sourceTree = BUILT_PRODUCTS_DIR; };
		46EE9DD61C4ADDDA0062D644 /* WatchTODOTests.swift */ = {isa = PBXFileReference; lastKnownFileType = sourcecode.swift; path = WatchTODOTests.swift; sourceTree = "<group>"; };
		46EE9DD81C4ADDDA0062D644 /* Info.plist */ = {isa = PBXFileReference; lastKnownFileType = text.plist.xml; path = Info.plist; sourceTree = "<group>"; };
		46EE9DDD1C4ADDDA0062D644 /* WatchTODOUITests.xctest */ = {isa = PBXFileReference; explicitFileType = wrapper.cfbundle; includeInIndex = 0; path = WatchTODOUITests.xctest; sourceTree = BUILT_PRODUCTS_DIR; };
		46EE9DE11C4ADDDA0062D644 /* WatchTODOUITests.swift */ = {isa = PBXFileReference; lastKnownFileType = sourcecode.swift; path = WatchTODOUITests.swift; sourceTree = "<group>"; };
		46EE9DE31C4ADDDA0062D644 /* Info.plist */ = {isa = PBXFileReference; lastKnownFileType = text.plist.xml; path = Info.plist; sourceTree = "<group>"; };
/* End PBXFileReference section */

/* Begin PBXFrameworksBuildPhase section */
		46EE9DBB1C4ADDDA0062D644 /* Frameworks */ = {
			isa = PBXFrameworksBuildPhase;
			buildActionMask = 2147483647;
			files = (
			);
			runOnlyForDeploymentPostprocessing = 0;
		};
		46EE9DCF1C4ADDDA0062D644 /* Frameworks */ = {
			isa = PBXFrameworksBuildPhase;
			buildActionMask = 2147483647;
			files = (
			);
			runOnlyForDeploymentPostprocessing = 0;
		};
		46EE9DDA1C4ADDDA0062D644 /* Frameworks */ = {
			isa = PBXFrameworksBuildPhase;
			buildActionMask = 2147483647;
			files = (
			);
			runOnlyForDeploymentPostprocessing = 0;
		};
/* End PBXFrameworksBuildPhase section */

/* Begin PBXGroup section */
		46EE9DB51C4ADDDA0062D644 = {
			isa = PBXGroup;
			children = (
				46EE9DC01C4ADDDA0062D644 /* WatchTODO */,
				46EE9DD51C4ADDDA0062D644 /* WatchTODOTests */,
				46EE9DE01C4ADDDA0062D644 /* WatchTODOUITests */,
				46EE9DBF1C4ADDDA0062D644 /* Products */,
			);
			sourceTree = "<group>";
		};
		46EE9DBF1C4ADDDA0062D644 /* Products */ = {
			isa = PBXGroup;
			children = (
				46EE9DBE1C4ADDDA0062D644 /* WatchTODO.app */,
				46EE9DD21C4ADDDA0062D644 /* WatchTODOTests.xctest */,
				46EE9DDD1C4ADDDA0062D644 /* WatchTODOUITests.xctest */,
			);
			name = Products;
			sourceTree = "<group>";
		};
		46EE9DC01C4ADDDA0062D644 /* WatchTODO */ = {
			isa = PBXGroup;
			children = (
				46EE9DC11C4ADDDA0062D644 /* AppDelegate.swift */,
				46EE9DC31C4ADDDA0062D644 /* ViewController.swift */,
				46EE9DC51C4ADDDA0062D644 /* Main.storyboard */,
				46EE9DC81C4ADDDA0062D644 /* Assets.xcassets */,
				46EE9DCA1C4ADDDA0062D644 /* LaunchScreen.storyboard */,
				46EE9DCD1C4ADDDA0062D644 /* Info.plist */,
			);
			path = WatchTODO;
			sourceTree = "<group>";
		};
		46EE9DD51C4ADDDA0062D644 /* WatchTODOTests */ = {
			isa = PBXGroup;
			children = (
				46EE9DD61C4ADDDA0062D644 /* WatchTODOTests.swift */,
				46EE9DD81C4ADDDA0062D644 /* Info.plist */,
			);
			path = WatchTODOTests;
			sourceTree = "<group>";
		};
		46EE9DE01C4ADDDA0062D644 /* WatchTODOUITests */ = {
			isa = PBXGroup;
			children = (
				46EE9DE11C4ADDDA0062D644 /* WatchTODOUITests.swift */,
				46EE9DE31C4ADDDA0062D644 /* Info.plist */,
			);
			path = WatchTODOUITests;
			sourceTree = "<group>";
		};
/* End PBXGroup section */

/* Begin PBXNativeTarget section */
		46EE9DBD1C4ADDDA0062D644 /* WatchTODO */ = {
			isa = PBXNativeTarget;
			buildConfigurationList = 46EE9DE61C4ADDDA0062D644 /* Build configuration list for PBXNativeTarget "WatchTODO" */;
			buildPhases = (
				46EE9DBA1C4ADDDA0062D644 /* Sources */,
				46EE9DBB1C4ADDDA0062D644 /* Frameworks */,
				46EE9DBC1C4ADDDA0062D644 /* Resources */,
			);
			buildRules = (
			);
			dependencies = (
			);
			name = WatchTODO;
			productName = WatchTODO;
			productReference = 46EE9DBE1C4ADDDA0062D644 /* WatchTODO.app */;
			productType = "com.apple.product-type.application";
		};
		46EE9DD11C4ADDDA0062D644 /* WatchTODOTests */ = {
			isa = PBXNativeTarget;
			buildConfigurationList = 46EE9DE91C4ADDDA0062D644 /* Build configuration list for PBXNativeTarget "WatchTODOTests" */;
			buildPhases = (
				46EE9DCE1C4ADDDA0062D644 /* Sources */,
				46EE9DCF1C4ADDDA0062D644 /* Frameworks */,
				46EE9DD01C4ADDDA0062D644 /* Resources */,
			);
			buildRules = (
			);
			dependencies = (
				46EE9DD41C4ADDDA0062D644 /* PBXTargetDependency */,
			);
			name = WatchTODOTests;
			productName = WatchTODOTests;
			productReference = 46EE9DD21C4ADDDA0062D644 /* WatchTODOTests.xctest */;
			productType = "com.apple.product-type.bundle.unit-test";
		};
		46EE9DDC1C4ADDDA0062D644 /* WatchTODOUITests */ = {
			isa = PBXNativeTarget;
			buildConfigurationList = 46EE9DEC1C4ADDDA0062D644 /* Build configuration list for PBXNativeTarget "WatchTODOUITests" */;
			buildPhases = (
				46EE9DD91C4ADDDA0062D644 /* Sources */,
				46EE9DDA1C4ADDDA0062D644 /* Frameworks */,
				46EE9DDB1C4ADDDA0062D644 /* Resources */,
			);
			buildRules = (
			);
			dependencies = (
				46EE9DDF1C4ADDDA0062D644 /* PBXTargetDependency */,
			);
			name = WatchTODOUITests;
			productName = WatchTODOUITests;
			productReference = 46EE9DDD1C4ADDDA0062D644 /* WatchTODOUITests.xctest */;
			productType = "com.apple.product-type.bundle.ui-testing";
		};
/* End PBXNativeTarget section */

/* Begin PBXProject section */
		46EE9DB61C4ADDDA0062D644 /* Project object */ = {
			isa = PBXProject;
			attributes = {
				LastSwiftUpdateCheck = 0720;
				LastUpgradeCheck = 0720;
				ORGANIZATIONNAME = naitianliu;
				TargetAttributes = {
					46EE9DBD1C4ADDDA0062D644 = {
						CreatedOnToolsVersion = 7.2;
					};
					46EE9DD11C4ADDDA0062D644 = {
						CreatedOnToolsVersion = 7.2;
						TestTargetID = 46EE9DBD1C4ADDDA0062D644;
					};
					46EE9DDC1C4ADDDA0062D644 = {
						CreatedOnToolsVersion = 7.2;
						TestTargetID = 46EE9DBD1C4ADDDA0062D644;
					};
				};
			};
			buildConfigurationList = 46EE9DB91C4ADDDA0062D644 /* Build configuration list for PBXProject "WatchTODO" */;
			compatibilityVersion = "Xcode 3.2";
			developmentRegion = English;
			hasScannedForEncodings = 0;
			knownRegions = (
				en,
				Base,
			);
			mainGroup = 46EE9DB51C4ADDDA0062D644;
			productRefGroup = 46EE9DBF1C4ADDDA0062D644 /* Products */;
			projectDirPath = "";
			projectRoot = "";
			targets = (
				46EE9DBD1C4ADDDA0062D644 /* WatchTODO */,
				46EE9DD11C4ADDDA0062D644 /* WatchTODOTests */,
				46EE9DDC1C4ADDDA0062D644 /* WatchTODOUITests */,
			);
		};
/* End PBXProject section */

/* Begin PBXResourcesBuildPhase section */
		46EE9DBC1C4ADDDA0062D644 /* Resources */ = {
			isa = PBXResourcesBuildPhase;
			buildActionMask = 2147483647;
			files = (
				46EE9DCC1C4ADDDA0062D644 /* LaunchScreen.storyboard in Resources */,
				46EE9DC91C4ADDDA0062D644 /* Assets.xcassets in Resources */,
				46EE9DC71C4ADDDA0062D644 /* Main.storyboard in Resources */,
			);
			runOnlyForDeploymentPostprocessing = 0;
		};
		46EE9DD01C4ADDDA0062D644 /* Resources */ = {
			isa = PBXResourcesBuildPhase;
			buildActionMask = 2147483647;
			files = (
			);
			runOnlyForDeploymentPostprocessing = 0;
		};
		46EE9DDB1C4ADDDA0062D644 /* Resources */ = {
			isa = PBXResourcesBuildPhase;
			buildActionMask = 2147483647;
			files = (
			);
			runOnlyForDeploymentPostprocessing = 0;
		};
/* End PBXResourcesBuildPhase section */

/* Begin PBXSourcesBuildPhase section */
		46EE9DBA1C4ADDDA0062D644 /* Sources */ = {
			isa = PBXSourcesBuildPhase;
			buildActionMask = 2147483647;
			files = (
				46EE9DC41C4ADDDA0062D644 /* ViewController.swift in Sources */,
				46EE9DC21C4ADDDA0062D644 /* AppDelegate.swift in Sources */,
			);
			runOnlyForDeploymentPostprocessing = 0;
		};
		46EE9DCE1C4ADDDA0062D644 /* Sources */ = {
			isa = PBXSourcesBuildPhase;
			buildActionMask = 2147483647;
			files = (
				46EE9DD71C4ADDDA0062D644 /* WatchTODOTests.swift in Sources */,
			);
			runOnlyForDeploymentPostprocessing = 0;
		};
		46EE9DD91C4ADDDA0062D644 /* Sources */ = {
			isa = PBXSourcesBuildPhase;
			buildActionMask = 2147483647;
			files = (
				46EE9DE21C4ADDDA0062D644 /* WatchTODOUITests.swift in Sources */,
			);
			runOnlyForDeploymentPostprocessing = 0;
		};
/* End PBXSourcesBuildPhase section */

/* Begin PBXTargetDependency section */
		46EE9DD41C4ADDDA0062D644 /* PBXTargetDependency */ = {
			isa = PBXTargetDependency;
			target = 46EE9DBD1C4ADDDA0062D644 /* WatchTODO */;
			targetProxy = 46EE9DD31C4ADDDA0062D644 /* PBXContainerItemProxy */;
		};
		46EE9DDF1C4ADDDA0062D644 /* PBXTargetDependency */ = {
			isa = PBXTargetDependency;
			target = 46EE9DBD1C4ADDDA0062D644 /* WatchTODO */;
			targetProxy = 46EE9DDE1C4ADDDA0062D644 /* PBXContainerItemProxy */;
		};
/* End PBXTargetDependency section */

/* Begin PBXVariantGroup section */
		46EE9DC51C4ADDDA0062D644 /* Main.storyboard */ = {
			isa = PBXVariantGroup;
			children = (
				46EE9DC61C4ADDDA0062D644 /* Base */,
			);
			name = Main.storyboard;
			sourceTree = "<group>";
		};
		46EE9DCA1C4ADDDA0062D644 /* LaunchScreen.storyboard */ = {
			isa = PBXVariantGroup;
			children = (
				46EE9DCB1C4ADDDA0062D644 /* Base */,
			);
			name = LaunchScreen.storyboard;
			sourceTree = "<group>";
		};
/* End PBXVariantGroup section */

/* Begin XCBuildConfiguration section */
		46EE9DE41C4ADDDA0062D644 /* Debug */ = {
			isa = XCBuildConfiguration;
			buildSettings = {
				ALWAYS_SEARCH_USER_PATHS = NO;
				CLANG_CXX_LANGUAGE_STANDARD = "gnu++0x";
				CLANG_CXX_LIBRARY = "libc++";
				CLANG_ENABLE_MODULES = YES;
				CLANG_ENABLE_OBJC_ARC = YES;
				CLANG_WARN_BOOL_CONVERSION = YES;
				CLANG_WARN_CONSTANT_CONVERSION = YES;
				CLANG_WARN_DIRECT_OBJC_ISA_USAGE = YES_ERROR;
				CLANG_WARN_EMPTY_BODY = YES;
				CLANG_WARN_ENUM_CONVERSION = YES;
				CLANG_WARN_INT_CONVERSION = YES;
				CLANG_WARN_OBJC_ROOT_CLASS = YES_ERROR;
				CLANG_WARN_UNREACHABLE_CODE = YES;
				CLANG_WARN__DUPLICATE_METHOD_MATCH = YES;
				"CODE_SIGN_IDENTITY[sdk=iphoneos*]" = "iPhone Developer";
				COPY_PHASE_STRIP = NO;
				DEBUG_INFORMATION_FORMAT = dwarf;
				ENABLE_STRICT_OBJC_MSGSEND = YES;
				ENABLE_TESTABILITY = YES;
				GCC_C_LANGUAGE_STANDARD = gnu99;
				GCC_DYNAMIC_NO_PIC = NO;
				GCC_NO_COMMON_BLOCKS = YES;
				GCC_OPTIMIZATION_LEVEL = 0;
				GCC_PREPROCESSOR_DEFINITIONS = (
					"DEBUG=1",
					"$(inherited)",
				);
				GCC_WARN_64_TO_32_BIT_CONVERSION = YES;
				GCC_WARN_ABOUT_RETURN_TYPE = YES_ERROR;
				GCC_WARN_UNDECLARED_SELECTOR = YES;
				GCC_WARN_UNINITIALIZED_AUTOS = YES_AGGRESSIVE;
				GCC_WARN_UNUSED_FUNCTION = YES;
				GCC_WARN_UNUSED_VARIABLE = YES;
				IPHONEOS_DEPLOYMENT_TARGET = 9.2;
				MTL_ENABLE_DEBUG_INFO = YES;
				ONLY_ACTIVE_ARCH = YES;
				SDKROOT = iphoneos;
				SWIFT_OPTIMIZATION_LEVEL = "-Onone";
			};
			name = Debug;
		};
		46EE9DE51C4ADDDA0062D644 /* Release */ = {
			isa = XCBuildConfiguration;
			buildSettings = {
				ALWAYS_SEARCH_USER_PATHS = NO;
				CLANG_CXX_LANGUAGE_STANDARD = "gnu++0x";
				CLANG_CXX_LIBRARY = "libc++";
				CLANG_ENABLE_MODULES = YES;
				CLANG_ENABLE_OBJC_ARC = YES;
				CLANG_WARN_BOOL_CONVERSION = YES;
				CLANG_WARN_CONSTANT_CONVERSION = YES;
				CLANG_WARN_DIRECT_OBJC_ISA_USAGE = YES_ERROR;
				CLANG_WARN_EMPTY_BODY = YES;
				CLANG_WARN_ENUM_CONVERSION = YES;
				CLANG_WARN_INT_CONVERSION = YES;
				CLANG_WARN_OBJC_ROOT_CLASS = YES_ERROR;
				CLANG_WARN_UNREACHABLE_CODE = YES;
				CLANG_WARN__DUPLICATE_METHOD_MATCH = YES;
				"CODE_SIGN_IDENTITY[sdk=iphoneos*]" = "iPhone Developer";
				COPY_PHASE_STRIP = NO;
				DEBUG_INFORMATION_FORMAT = "dwarf-with-dsym";
				ENABLE_NS_ASSERTIONS = NO;
				ENABLE_STRICT_OBJC_MSGSEND = YES;
				GCC_C_LANGUAGE_STANDARD = gnu99;
				GCC_NO_COMMON_BLOCKS = YES;
				GCC_WARN_64_TO_32_BIT_CONVERSION = YES;
				GCC_WARN_ABOUT_RETURN_TYPE = YES_ERROR;
				GCC_WARN_UNDECLARED_SELECTOR = YES;
				GCC_WARN_UNINITIALIZED_AUTOS = YES_AGGRESSIVE;
				GCC_WARN_UNUSED_FUNCTION = YES;
				GCC_WARN_UNUSED_VARIABLE = YES;
				IPHONEOS_DEPLOYMENT_TARGET = 9.2;
				MTL_ENABLE_DEBUG_INFO = NO;
				SDKROOT = iphoneos;
				VALIDATE_PRODUCT = YES;
			};
			name = Release;
		};
		46EE9DE71C4ADDDA0062D644 /* Debug */ = {
			isa = XCBuildConfiguration;
			buildSettings = {
				ASSETCATALOG_COMPILER_APPICON_NAME = AppIcon;
				INFOPLIST_FILE = WatchTODO/Info.plist;
				LD_RUNPATH_SEARCH_PATHS = "$(inherited) @executable_path/Frameworks";
				PRODUCT_BUNDLE_IDENTIFIER = com.naitianliu.WatchTODO;
				PRODUCT_NAME = "$(TARGET_NAME)";
			};
			name = Debug;
		};
		46EE9DE81C4ADDDA0062D644 /* Release */ = {
			isa = XCBuildConfiguration;
			buildSettings = {
				ASSETCATALOG_COMPILER_APPICON_NAME = AppIcon;
				INFOPLIST_FILE = WatchTODO/Info.plist;
				LD_RUNPATH_SEARCH_PATHS = "$(inherited) @executable_path/Frameworks";
				PRODUCT_BUNDLE_IDENTIFIER = com.naitianliu.WatchTODO;
				PRODUCT_NAME = "$(TARGET_NAME)";
			};
			name = Release;
		};
		46EE9DEA1C4ADDDA0062D644 /* Debug */ = {
			isa = XCBuildConfiguration;
			buildSettings = {
				BUNDLE_LOADER = "$(TEST_HOST)";
				INFOPLIST_FILE = WatchTODOTests/Info.plist;
				LD_RUNPATH_SEARCH_PATHS = "$(inherited) @executable_path/Frameworks @loader_path/Frameworks";
				PRODUCT_BUNDLE_IDENTIFIER = com.naitianliu.WatchTODOTests;
				PRODUCT_NAME = "$(TARGET_NAME)";
				TEST_HOST = "$(BUILT_PRODUCTS_DIR)/WatchTODO.app/WatchTODO";
			};
			name = Debug;
		};
		46EE9DEB1C4ADDDA0062D644 /* Release */ = {
			isa = XCBuildConfiguration;
			buildSettings = {
				BUNDLE_LOADER = "$(TEST_HOST)";
				INFOPLIST_FILE = WatchTODOTests/Info.plist;
				LD_RUNPATH_SEARCH_PATHS = "$(inherited) @executable_path/Frameworks @loader_path/Frameworks";
				PRODUCT_BUNDLE_IDENTIFIER = com.naitianliu.WatchTODOTests;
				PRODUCT_NAME = "$(TARGET_NAME)";
				TEST_HOST = "$(BUILT_PRODUCTS_DIR)/WatchTODO.app/WatchTODO";
			};
			name = Release;
		};
		46EE9DED1C4ADDDA0062D644 /* Debug */ = {
			isa = XCBuildConfiguration;
			buildSettings = {
				INFOPLIST_FILE = WatchTODOUITests/Info.plist;
				LD_RUNPATH_SEARCH_PATHS = "$(inherited) @executable_path/Frameworks @loader_path/Frameworks";
				PRODUCT_BUNDLE_IDENTIFIER = com.naitianliu.WatchTODOUITests;
				PRODUCT_NAME = "$(TARGET_NAME)";
				TEST_TARGET_NAME = WatchTODO;
				USES_XCTRUNNER = YES;
			};
			name = Debug;
		};
		46EE9DEE1C4ADDDA0062D644 /* Release */ = {
			isa = XCBuildConfiguration;
			buildSettings = {
				INFOPLIST_FILE = WatchTODOUITests/Info.plist;
				LD_RUNPATH_SEARCH_PATHS = "$(inherited) @executable_path/Frameworks @loader_path/Frameworks";
				PRODUCT_BUNDLE_IDENTIFIER = com.naitianliu.WatchTODOUITests;
				PRODUCT_NAME = "$(TARGET_NAME)";
				TEST_TARGET_NAME = WatchTODO;
				USES_XCTRUNNER = YES;
			};
			name = Release;
		};
/* End XCBuildConfiguration section */

/* Begin XCConfigurationList section */
		46EE9DB91C4ADDDA0062D644 /* Build configuration list for PBXProject "WatchTODO" */ = {
			isa = XCConfigurationList;
			buildConfigurations = (
				46EE9DE41C4ADDDA0062D644 /* Debug */,
				46EE9DE51C4ADDDA0062D644 /* Release */,
			);
			defaultConfigurationIsVisible = 0;
			defaultConfigurationName = Release;
		};
		46EE9DE61C4ADDDA0062D644 /* Build configuration list for PBXNativeTarget "WatchTODO" */ = {
			isa = XCConfigurationList;
			buildConfigurations = (
				46EE9DE71C4ADDDA0062D644 /* Debug */,
				46EE9DE81C4ADDDA0062D644 /* Release */,
			);
			defaultConfigurationIsVisible = 0;
		};
		46EE9DE91C4ADDDA0062D644 /* Build configuration list for PBXNativeTarget "WatchTODOTests" */ = {
			isa = XCConfigurationList;
			buildConfigurations = (
				46EE9DEA1C4ADDDA0062D644 /* Debug */,
				46EE9DEB1C4ADDDA0062D644 /* Release */,
			);
			defaultConfigurationIsVisible = 0;
		};
		46EE9DEC1C4ADDDA0062D644 /* Build configuration list for PBXNativeTarget "WatchTODOUITests" */ = {
			isa = XCConfigurationList;
			buildConfigurations = (
				46EE9DED1C4ADDDA0062D644 /* Debug */,
				46EE9DEE1C4ADDDA0062D644 /* Release */,
			);
			defaultConfigurationIsVisible = 0;
		};
/* End XCConfigurationList section */
	};
	rootObject = 46EE9DB61C4ADDDA0062D644 /* Project object */;
}
